// !$*UTF8*$!
{
	archiveVersion = 1;
	classes = {
	};
	objectVersion = 50;
	objects = {

/* Begin PBXBuildFile section */
		8481A56925A6FFA000834D70 /* Index.cpp in Sources */ = {isa = PBXBuildFile; fileRef = 8481A55925A6FFA000834D70 /* Index.cpp */; };
		8481A56A25A6FFA000834D70 /* MainPro.cpp in Sources */ = {isa = PBXBuildFile; fileRef = 8481A55E25A6FFA000834D70 /* MainPro.cpp */; };
		8481A56B25A6FFA000834D70 /* main.cpp in Sources */ = {isa = PBXBuildFile; fileRef = 8481A56125A6FFA000834D70 /* main.cpp */; };
		8481A56C25A6FFA000834D70 /* Table.cpp in Sources */ = {isa = PBXBuildFile; fileRef = 8481A56425A6FFA000834D70 /* Table.cpp */; };
		8481A56D25A6FFA000834D70 /* Select.cpp in Sources */ = {isa = PBXBuildFile; fileRef = 8481A56525A6FFA000834D70 /* Select.cpp */; };
		8481A56E25A6FFA000834D70 /* SQLPro.cpp in Sources */ = {isa = PBXBuildFile; fileRef = 8481A56725A6FFA000834D70 /* SQLPro.cpp */; };
/* End PBXBuildFile section */

/* Begin PBXCopyFilesBuildPhase section */
		8481A53725A6FEB800834D70 /* CopyFiles */ = {
			isa = PBXCopyFilesBuildPhase;
			buildActionMask = 2147483647;
			dstPath = /usr/share/man/man1/;
			dstSubfolderSpec = 0;
			files = (
			);
			runOnlyForDeploymentPostprocessing = 1;
		};
/* End PBXCopyFilesBuildPhase section */

/* Begin PBXFileReference section */
		8481A53925A6FEB800834D70 /* DBMS_Shell */ = {isa = PBXFileReference; explicitFileType = "compiled.mach-o.executable"; includeInIndex = 0; path = DBMS_Shell; sourceTree = BUILT_PRODUCTS_DIR; };
		8481A55925A6FFA000834D70 /* Index.cpp */ = {isa = PBXFileReference; fileEncoding = 4; lastKnownFileType = sourcecode.cpp.cpp; path = Index.cpp; sourceTree = "<group>"; };
		8481A55A25A6FFA000834D70 /* user.db */ = {isa = PBXFileReference; fileEncoding = 4; lastKnownFileType = text; path = user.db; sourceTree = "<group>"; };
		8481A55B25A6FFA000834D70 /* SQLPro.hpp */ = {isa = PBXFileReference; fileEncoding = 4; lastKnownFileType = sourcecode.cpp.h; path = SQLPro.hpp; sourceTree = "<group>"; };
		8481A55C25A6FFA000834D70 /* Select.hpp */ = {isa = PBXFileReference; fileEncoding = 4; lastKnownFileType = sourcecode.cpp.h; path = Select.hpp; sourceTree = "<group>"; };
		8481A55D25A6FFA000834D70 /* Header.h */ = {isa = PBXFileReference; fileEncoding = 4; lastKnownFileType = sourcecode.c.h; path = Header.h; sourceTree = "<group>"; };
		8481A55E25A6FFA000834D70 /* MainPro.cpp */ = {isa = PBXFileReference; fileEncoding = 4; lastKnownFileType = sourcecode.cpp.cpp; path = MainPro.cpp; sourceTree = "<group>"; };
		8481A55F25A6FFA000834D70 /* Index.hpp */ = {isa = PBXFileReference; fileEncoding = 4; lastKnownFileType = sourcecode.cpp.h; path = Index.hpp; sourceTree = "<group>"; };
		8481A56025A6FFA000834D70 /* result.txt */ = {isa = PBXFileReference; fileEncoding = 4; lastKnownFileType = text; path = result.txt; sourceTree = "<group>"; };
		8481A56125A6FFA000834D70 /* main.cpp */ = {isa = PBXFileReference; fileEncoding = 4; lastKnownFileType = sourcecode.cpp.cpp; path = main.cpp; sourceTree = "<group>"; };
		8481A56325A6FFA000834D70 /* test.txt */ = {isa = PBXFileReference; fileEncoding = 4; lastKnownFileType = text; path = test.txt; sourceTree = "<group>"; };
		8481A56425A6FFA000834D70 /* Table.cpp */ = {isa = PBXFileReference; fileEncoding = 4; lastKnownFileType = sourcecode.cpp.cpp; path = Table.cpp; sourceTree = "<group>"; };
		8481A56525A6FFA000834D70 /* Select.cpp */ = {isa = PBXFileReference; fileEncoding = 4; lastKnownFileType = sourcecode.cpp.cpp; path = Select.cpp; sourceTree = "<group>"; };
		8481A56625A6FFA000834D70 /* Table.hpp */ = {isa = PBXFileReference; fileEncoding = 4; lastKnownFileType = sourcecode.cpp.h; path = Table.hpp; sourceTree = "<group>"; };
		8481A56725A6FFA000834D70 /* SQLPro.cpp */ = {isa = PBXFileReference; fileEncoding = 4; lastKnownFileType = sourcecode.cpp.cpp; path = SQLPro.cpp; sourceTree = "<group>"; };
		8481A56825A6FFA000834D70 /* MainPro.hpp */ = {isa = PBXFileReference; fileEncoding = 4; lastKnownFileType = sourcecode.cpp.h; path = MainPro.hpp; sourceTree = "<group>"; };
		8481A57125A74C8A00834D70 /* __Table__.db */ = {isa = PBXFileReference; lastKnownFileType = text; path = __Table__.db; sourceTree = "<group>"; };
/* End PBXFileReference section */

/* Begin PBXFrameworksBuildPhase section */
		8481A53625A6FEB800834D70 /* Frameworks */ = {
			isa = PBXFrameworksBuildPhase;
			buildActionMask = 2147483647;
			files = (
			);
			runOnlyForDeploymentPostprocessing = 0;
		};
/* End PBXFrameworksBuildPhase section */

/* Begin PBXGroup section */
		8481A53025A6FEB800834D70 = {
			isa = PBXGroup;
			children = (
				8481A53B25A6FEB800834D70 /* DBMS_Shell */,
				8481A53A25A6FEB800834D70 /* Products */,
			);
			sourceTree = "<group>";
		};
		8481A53A25A6FEB800834D70 /* Products */ = {
			isa = PBXGroup;
			children = (
				8481A53925A6FEB800834D70 /* DBMS_Shell */,
			);
			name = Products;
			sourceTree = "<group>";
		};
		8481A53B25A6FEB800834D70 /* DBMS_Shell */ = {
			isa = PBXGroup;
			children = (
				8481A55D25A6FFA000834D70 /* Header.h */,
				8481A55925A6FFA000834D70 /* Index.cpp */,
				8481A55F25A6FFA000834D70 /* Index.hpp */,
				8481A56125A6FFA000834D70 /* main.cpp */,
				8481A55E25A6FFA000834D70 /* MainPro.cpp */,
				8481A56825A6FFA000834D70 /* MainPro.hpp */,
				8481A56025A6FFA000834D70 /* result.txt */,
				8481A56525A6FFA000834D70 /* Select.cpp */,
				8481A55C25A6FFA000834D70 /* Select.hpp */,
				8481A56725A6FFA000834D70 /* SQLPro.cpp */,
				8481A55B25A6FFA000834D70 /* SQLPro.hpp */,
				8481A56425A6FFA000834D70 /* Table.cpp */,
				8481A56625A6FFA000834D70 /* Table.hpp */,
				8481A56325A6FFA000834D70 /* test.txt */,
				8481A55A25A6FFA000834D70 /* user.db */,
				8481A57125A74C8A00834D70 /* __Table__.db */,
			);
			path = DBMS_Shell;
			sourceTree = "<group>";
		};
/* End PBXGroup section */

/* Begin PBXNativeTarget section */
		8481A53825A6FEB800834D70 /* DBMS_Shell */ = {
			isa = PBXNativeTarget;
			buildConfigurationList = 8481A54025A6FEB800834D70 /* Build configuration list for PBXNativeTarget "DBMS_Shell" */;
			buildPhases = (
				8481A53525A6FEB800834D70 /* Sources */,
				8481A53625A6FEB800834D70 /* Frameworks */,
				8481A53725A6FEB800834D70 /* CopyFiles */,
			);
			buildRules = (
			);
			dependencies = (
			);
			name = DBMS_Shell;
			productName = DBMS_Shell;
			productReference = 8481A53925A6FEB800834D70 /* DBMS_Shell */;
			productType = "com.apple.product-type.tool";
		};
/* End PBXNativeTarget section */

/* Begin PBXProject section */
		8481A53125A6FEB800834D70 /* Project object */ = {
			isa = PBXProject;
			attributes = {
				LastUpgradeCheck = 1010;
				ORGANIZATIONNAME = admin;
				TargetAttributes = {
					8481A53825A6FEB800834D70 = {
						CreatedOnToolsVersion = 10.1;
					};
				};
			};
			buildConfigurationList = 8481A53425A6FEB800834D70 /* Build configuration list for PBXProject "DBMS_Shell" */;
			compatibilityVersion = "Xcode 9.3";
			developmentRegion = en;
			hasScannedForEncodings = 0;
			knownRegions = (
				en,
			);
			mainGroup = 8481A53025A6FEB800834D70;
			productRefGroup = 8481A53A25A6FEB800834D70 /* Products */;
			projectDirPath = "";
			projectRoot = "";
			targets = (
				8481A53825A6FEB800834D70 /* DBMS_Shell */,
			);
		};
/* End PBXProject section */

/* Begin PBXSourcesBuildPhase section */
		8481A53525A6FEB800834D70 /* Sources */ = {
			isa = PBXSourcesBuildPhase;
			buildActionMask = 2147483647;
			files = (
				8481A56A25A6FFA000834D70 /* MainPro.cpp in Sources */,
				8481A56925A6FFA000834D70 /* Index.cpp in Sources */,
				8481A56E25A6FFA000834D70 /* SQLPro.cpp in Sources */,
				8481A56D25A6FFA000834D70 /* Select.cpp in Sources */,
				8481A56C25A6FFA000834D70 /* Table.cpp in Sources */,
				8481A56B25A6FFA000834D70 /* main.cpp in Sources */,
			);
			runOnlyForDeploymentPostprocessing = 0;
		};
/* End PBXSourcesBuildPhase section */

/* Begin XCBuildConfiguration section */
		8481A53E25A6FEB800834D70 /* Debug */ = {
			isa = XCBuildConfiguration;
			buildSettings = {
				ALWAYS_SEARCH_USER_PATHS = NO;
				CLANG_ANALYZER_NONNULL = YES;
				CLANG_ANALYZER_NUMBER_OBJECT_CONVERSION = YES_AGGRESSIVE;
				CLANG_CXX_LANGUAGE_STANDARD = "gnu++14";
				CLANG_CXX_LIBRARY = "libc++";
				CLANG_ENABLE_MODULES = YES;
				CLANG_ENABLE_OBJC_ARC = YES;
				CLANG_ENABLE_OBJC_WEAK = YES;
				CLANG_WARN_BLOCK_CAPTURE_AUTORELEASING = YES;
				CLANG_WARN_BOOL_CONVERSION = YES;
				CLANG_WARN_COMMA = YES;
				CLANG_WARN_CONSTANT_CONVERSION = YES;
				CLANG_WARN_DEPRECATED_OBJC_IMPLEMENTATIONS = YES;
				CLANG_WARN_DIRECT_OBJC_ISA_USAGE = YES_ERROR;
				CLANG_WARN_DOCUMENTATION_COMMENTS = YES;
				CLANG_WARN_EMPTY_BODY = YES;
				CLANG_WARN_ENUM_CONVERSION = YES;
				CLANG_WARN_INFINITE_RECURSION = YES;
				CLANG_WARN_INT_CONVERSION = YES;
				CLANG_WARN_NON_LITERAL_NULL_CONVERSION = YES;
				CLANG_WARN_OBJC_IMPLICIT_RETAIN_SELF = YES;
				CLANG_WARN_OBJC_LITERAL_CONVERSION = YES;
				CLANG_WARN_OBJC_ROOT_CLASS = YES_ERROR;
				CLANG_WARN_RANGE_LOOP_ANALYSIS = YES;
				CLANG_WARN_STRICT_PROTOTYPES = YES;
				CLANG_WARN_SUSPICIOUS_MOVE = YES;
				CLANG_WARN_UNGUARDED_AVAILABILITY = YES_AGGRESSIVE;
				CLANG_WARN_UNREACHABLE_CODE = YES;
				CLANG_WARN__DUPLICATE_METHOD_MATCH = YES;
				CODE_SIGN_IDENTITY = "-";
				COPY_PHASE_STRIP = NO;
				DEBUG_INFORMATION_FORMAT = dwarf;
				ENABLE_STRICT_OBJC_MSGSEND = YES;
				ENABLE_TESTABILITY = YES;
				GCC_C_LANGUAGE_STANDARD = gnu11;
				GCC_DYNAMIC_NO_PIC = NO;
				GCC_NO_COMMON_BLOCKS = YES;
				GCC_OPTIMIZATION_LEVEL = 0;
				GCC_PREPROCESSOR_DEFINITIONS = (
					"DEBUG=1",
					"$(inherited)",
				);
				GCC_WARN_64_TO_32_BIT_CONVERSION = YES;
				GCC_WARN_ABOUT_RETURN_TYPE = YES_ERROR;
				GCC_WARN_UNDECLARED_SELECTOR = YES;
				GCC_WARN_UNINITIALIZED_AUTOS = YES_AGGRESSIVE;
				GCC_WARN_UNUSED_FUNCTION = YES;
				GCC_WARN_UNUSED_VARIABLE = YES;
				MACOSX_DEPLOYMENT_TARGET = 10.13;
				MTL_ENABLE_DEBUG_INFO = INCLUDE_SOURCE;
				MTL_FAST_MATH = YES;
				ONLY_ACTIVE_ARCH = YES;
				SDKROOT = macosx;
			};
			name = Debug;
		};
		8481A53F25A6FEB800834D70 /* Release */ = {
			isa = XCBuildConfiguration;
			buildSettings = {
				ALWAYS_SEARCH_USER_PATHS = NO;
				CLANG_ANALYZER_NONNULL = YES;
				CLANG_ANALYZER_NUMBER_OBJECT_CONVERSION = YES_AGGRESSIVE;
				CLANG_CXX_LANGUAGE_STANDARD = "gnu++14";
				CLANG_CXX_LIBRARY = "libc++";
				CLANG_ENABLE_MODULES = YES;
				CLANG_ENABLE_OBJC_ARC = YES;
				CLANG_ENABLE_OBJC_WEAK = YES;
				CLANG_WARN_BLOCK_CAPTURE_AUTORELEASING = YES;
				CLANG_WARN_BOOL_CONVERSION = YES;
				CLANG_WARN_COMMA = YES;
				CLANG_WARN_CONSTANT_CONVERSION = YES;
				CLANG_WARN_DEPRECATED_OBJC_IMPLEMENTATIONS = YES;
				CLANG_WARN_DIRECT_OBJC_ISA_USAGE = YES_ERROR;
				CLANG_WARN_DOCUMENTATION_COMMENTS = YES;
				CLANG_WARN_EMPTY_BODY = YES;
				CLANG_WARN_ENUM_CONVERSION = YES;
				CLANG_WARN_INFINITE_RECURSION = YES;
				CLANG_WARN_INT_CONVERSION = YES;
				CLANG_WARN_NON_LITERAL_NULL_CONVERSION = YES;
				CLANG_WARN_OBJC_IMPLICIT_RETAIN_SELF = YES;
				CLANG_WARN_OBJC_LITERAL_CONVERSION = YES;
				CLANG_WARN_OBJC_ROOT_CLASS = YES_ERROR;
				CLANG_WARN_RANGE_LOOP_ANALYSIS = YES;
				CLANG_WARN_STRICT_PROTOTYPES = YES;
				CLANG_WARN_SUSPICIOUS_MOVE = YES;
				CLANG_WARN_UNGUARDED_AVAILABILITY = YES_AGGRESSIVE;
				CLANG_WARN_UNREACHABLE_CODE = YES;
				CLANG_WARN__DUPLICATE_METHOD_MATCH = YES;
				CODE_SIGN_IDENTITY = "-";
				COPY_PHASE_STRIP = NO;
				DEBUG_INFORMATION_FORMAT = "dwarf-with-dsym";
				ENABLE_NS_ASSERTIONS = NO;
				ENABLE_STRICT_OBJC_MSGSEND = YES;
				GCC_C_LANGUAGE_STANDARD = gnu11;
				GCC_NO_COMMON_BLOCKS = YES;
				GCC_WARN_64_TO_32_BIT_CONVERSION = YES;
				GCC_WARN_ABOUT_RETURN_TYPE = YES_ERROR;
				GCC_WARN_UNDECLARED_SELECTOR = YES;
				GCC_WARN_UNINITIALIZED_AUTOS = YES_AGGRESSIVE;
				GCC_WARN_UNUSED_FUNCTION = YES;
				GCC_WARN_UNUSED_VARIABLE = YES;
				MACOSX_DEPLOYMENT_TARGET = 10.13;
				MTL_ENABLE_DEBUG_INFO = NO;
				MTL_FAST_MATH = YES;
				SDKROOT = macosx;
			};
			name = Release;
		};
		8481A54125A6FEB800834D70 /* Debug */ = {
			isa = XCBuildConfiguration;
			buildSettings = {
				CODE_SIGN_STYLE = Automatic;
				PRODUCT_NAME = "$(TARGET_NAME)";
			};
			name = Debug;
		};
		8481A54225A6FEB800834D70 /* Release */ = {
			isa = XCBuildConfiguration;
			buildSettings = {
				CODE_SIGN_STYLE = Automatic;
				PRODUCT_NAME = "$(TARGET_NAME)";
			};
			name = Release;
		};
/* End XCBuildConfiguration section */

/* Begin XCConfigurationList section */
		8481A53425A6FEB800834D70 /* Build configuration list for PBXProject "DBMS_Shell" */ = {
			isa = XCConfigurationList;
			buildConfigurations = (
				8481A53E25A6FEB800834D70 /* Debug */,
				8481A53F25A6FEB800834D70 /* Release */,
			);
			defaultConfigurationIsVisible = 0;
			defaultConfigurationName = Release;
		};
		8481A54025A6FEB800834D70 /* Build configuration list for PBXNativeTarget "DBMS_Shell" */ = {
			isa = XCConfigurationList;
			buildConfigurations = (
				8481A54125A6FEB800834D70 /* Debug */,
				8481A54225A6FEB800834D70 /* Release */,
			);
			defaultConfigurationIsVisible = 0;
			defaultConfigurationName = Release;
		};
/* End XCConfigurationList section */
	};
	rootObject = 8481A53125A6FEB800834D70 /* Project object */;
}
